{"1.1.0",
[{<<"acceptor_pool">>,{pkg,<<"acceptor_pool">>,<<"1.0.0">>},1},
 {<<"chatterbox">>,
  {git,"https://github.com/andymck/chatterbox",
       {ref,"92bcf7a6424c8ef51c72ed5960f2f52608f7b2cc"}},
  1},
 {<<"cowlib">>,
  {git,"https://github.com/ninenines/cowlib",
       {ref,"6deddc7d3360aa0f50eb2375cc0226157185c472"}},
  2},
 {<<"ctx">>,{pkg,<<"ctx">>,<<"0.6.0">>},1},
 {<<"dep_http2_client">>,
  {git,"https://github.com/Bluehouse-Technology/http2_client",
       {ref,"8a6faf3ef1e0f3bb480d52d34ef5181258e99302"}},
  1},
 {<<"goldrush">>,{pkg,<<"goldrush">>,<<"0.1.9">>},1},
 {<<"gpb">>,{pkg,<<"gpb">>,<<"4.16.0">>},2},
 {<<"gproc">>,{pkg,<<"gproc">>,<<"0.8.0">>},1},
 {<<"grpc_client">>,
  {git,"https://github.com/Bluehouse-Technology/grpc_client.git",
       {ref,"cc5f47a954d0286144678f37a3ad1db70377d3f4"}},
  0},
 {<<"grpc_lib">>,
  {git,"https://github.com/Bluehouse-Technology/grpc_lib",
       {ref,"a77686b55b60b052d6c7cd927d04dde429bbdabf"}},
  1},
 {<<"grpcbox">>,
  {git,"https://github.com/andymck/grpcbox.git",
       {ref,"ba03e7c908c98227cdbc1f689e608398a7e532fa"}},
  0},
 {<<"hpack">>,{pkg,<<"hpack_erl">>,<<"0.2.3">>},2},
 {<<"lager">>,{pkg,<<"lager">>,<<"3.9.1">>},0}]}.
[
{pkg_hash,[
 {<<"acceptor_pool">>, <<"43C20D2ACAE35F0C2BCD64F9D2BDE267E459F0F3FD23DAB26485BF518C281B21">>},
 {<<"ctx">>, <<"8FF88B70E6400C4DF90142E7F130625B82086077A45364A78D208ED3ED53C7FE">>},
 {<<"goldrush">>, <<"F06E5D5F1277DA5C413E84D5A2924174182FB108DABB39D5EC548B27424CD106">>},
 {<<"gpb">>, <<"796FDB1FBC793E0AA84F8255FAA25F585FCC25251E56CD2347847D01DAC3A732">>},
 {<<"gproc">>, <<"CEA02C578589C61E5341FCE149EA36CCEF236CC2ECAC8691FBA408E7EA77EC2F">>},
 {<<"hpack">>, <<"17670F83FF984AE6CD74B1C456EDDE906D27FF013740EE4D9EFAA4F1BF999633">>},
 {<<"lager">>, <<"5885BC71308CD38F9D025C8ECDE4E5CCE1CE8565F80BFC6199865C845D6DBE95">>}]}
].
